
Microsoft Visual Studio Solution File, Format Version 12.00
# Visual Studio Version 17
VisualStudioVersion = 17.0.31919.166
MinimumVisualStudioVersion = 10.0.40219.1
Project("{FAE04EC0-301F-11D3-BF4B-00C04F79EFBC}") = "MyDevCart", "MyDevCart\MyDevCart.csproj", "{8DFDC0B9-296E-4834-9B77-7771F3822A08}"
EndProject
Global
	GlobalSection(SolutionConfigurationPlatforms) = preSolution
		Debug|Any CPU = Debug|Any CPU
		Release|Any CPU = Release|Any CPU
	EndGlobalSection
	GlobalSection(ProjectConfigurationPlatforms) = postSolution
		{8DFDC0B9-296E-4834-9B77-7771F3822A08}.Debug|Any CPU.ActiveCfg = Debug|Any CPU
		{8DFDC0B9-296E-4834-9B77-7771F3822A08}.Debug|Any CPU.Build.0 = Debug|Any CPU
		{8DFDC0B9-296E-4834-9B77-7771F3822A08}.Release|Any CPU.ActiveCfg = Release|Any CPU
		{8DFDC0B9-296E-4834-9B77-7771F3822A08}.Release|Any CPU.Build.0 = Release|Any CPU
	EndGlobalSection
	GlobalSection(SolutionProperties) = preSolution
		HideSolutionNode = FALSE
	EndGlobalSection
	GlobalSection(ExtensibilityGlobals) = postSolution
		SolutionGuid = {E05EB74F-51CA-45DB-92E2-F768479B8449}
	EndGlobalSection
EndGlobal
