
Microsoft Visual Studio Solution File, Format Version 12.00
# Visual Studio Version 17
VisualStudioVersion = 17.0.31919.166
MinimumVisualStudioVersion = 10.0.40219.1
Project("{FAE04EC0-301F-11D3-BF4B-00C04F79EFBC}") = "ConsoleApp1", "ConsoleApp1\ConsoleApp1.csproj", "{4E5B55AD-E497-4286-BD39-2399257CABB7}"
EndProject
Global
	GlobalSection(SolutionConfigurationPlatforms) = preSolution
		Debug|Any CPU = Debug|Any CPU
		Release|Any CPU = Release|Any CPU
	EndGlobalSection
	GlobalSection(ProjectConfigurationPlatforms) = postSolution
		{4E5B55AD-E497-4286-BD39-2399257CABB7}.Debug|Any CPU.ActiveCfg = Debug|Any CPU
		{4E5B55AD-E497-4286-BD39-2399257CABB7}.Debug|Any CPU.Build.0 = Debug|Any CPU
		{4E5B55AD-E497-4286-BD39-2399257CABB7}.Release|Any CPU.ActiveCfg = Release|Any CPU
		{4E5B55AD-E497-4286-BD39-2399257CABB7}.Release|Any CPU.Build.0 = Release|Any CPU
	EndGlobalSection
	GlobalSection(SolutionProperties) = preSolution
		HideSolutionNode = FALSE
	EndGlobalSection
	GlobalSection(ExtensibilityGlobals) = postSolution
		SolutionGuid = {59C4ECAF-D036-4A8C-98DC-FD39FA0E4E45}
	EndGlobalSection
EndGlobal
